
Microsoft Visual Studio Solution File, Format Version 12.00
# Visual Studio 15
VisualStudioVersion = 15.0.26430.13
MinimumVisualStudioVersion = 10.0.40219.1
Project("{2150E333-8FDC-42A3-9474-1A3956D46DE8}") = "03 - Behavioral Patterns", "03 - Behavioral Patterns", "{834ADDF6-F4AD-45DF-AF11-561EEE760679}"
EndProject
Project("{2150E333-8FDC-42A3-9474-1A3956D46DE8}") = "Strategy", "Strategy", "{54345A72-05AA-492D-B812-04208724E663}"
EndProject
Project("{FAE04EC0-301F-11D3-BF4B-00C04F79EFBC}") = "DesignPatterns.BehavioralPatterns.Strategy", "DesignPatterns.BehavioralPatterns.Strategy\DesignPatterns.BehavioralPatterns.Strategy.csproj", "{EDDA61C6-4B13-410D-A236-533CE3F74F10}"
EndProject
Project("{2150E333-8FDC-42A3-9474-1A3956D46DE8}") = "Null Object", "Null Object", "{86AD9D10-97DA-4418-AB89-E96B18935B1C}"
EndProject
Project("{FAE04EC0-301F-11D3-BF4B-00C04F79EFBC}") = "DesignPatterns.BehavioralPatterns.NullObject", "DesignPatterns.BehavioralPatterns.NullObject\DesignPatterns.BehavioralPatterns.NullObject.csproj", "{4D258333-0650-42E0-B001-12CB48A6613C}"
EndProject
Project("{2150E333-8FDC-42A3-9474-1A3956D46DE8}") = "02 - Structural Patterns", "02 - Structural Patterns", "{84A795A8-B2E7-4499-A02F-7EBC48D34587}"
EndProject
Project("{2150E333-8FDC-42A3-9474-1A3956D46DE8}") = "01 - Creational Patterns", "01 - Creational Patterns", "{5DC51411-FEE7-41DC-9BEE-96215ECC1863}"
EndProject
Project("{2150E333-8FDC-42A3-9474-1A3956D46DE8}") = "00 - Concepts OOP", "00 - Concepts OOP", "{B6A0A606-846B-4DFE-8A46-0FF71FA7EB03}"
EndProject
Project("{2150E333-8FDC-42A3-9474-1A3956D46DE8}") = "99 - Test", "99 - Test", "{4D999BB0-1000-4659-8822-7BA12C02B7D0}"
EndProject
Project("{2150E333-8FDC-42A3-9474-1A3956D46DE8}") = "Template Method", "Template Method", "{3823EE0C-D2AC-42D9-9811-C5AA4DF372EC}"
EndProject
Project("{FAE04EC0-301F-11D3-BF4B-00C04F79EFBC}") = "DesignPatterns.BehavioralPatterns.TemplateMethod", "DesignPatterns.BehavioralPatterns.TemplateMethod\DesignPatterns.BehavioralPatterns.TemplateMethod.csproj", "{03C778DC-F584-4D8B-961B-DE06DB8BFBCF}"
EndProject
Project("{FAE04EC0-301F-11D3-BF4B-00C04F79EFBC}") = "Test.TDD", "DesignPatterns.Test.TDD\Test.TDD.csproj", "{3F4D2D89-2AEB-47CD-89E8-5018AC6BE4CB}"
EndProject
Project("{2150E333-8FDC-42A3-9474-1A3956D46DE8}") = "Factory Method", "Factory Method", "{BBDA651E-E583-4F8F-974F-CED0E8C87EBE}"
EndProject
Project("{FAE04EC0-301F-11D3-BF4B-00C04F79EFBC}") = "DesignPatterns.CreationalPatterns.FactoryMethod", "DesignPatterns.CreationalPatterns.FactoryMethod\DesignPatterns.CreationalPatterns.FactoryMethod.csproj", "{28E995FE-B247-4281-BCC0-01BF2BFCD4A2}"
EndProject
Project("{FAE04EC0-301F-11D3-BF4B-00C04F79EFBC}") = "DesignPatterns.OOP.Encapsulation", "DesignPatterns.OOP.Encapsulation\DesignPatterns.OOP.Encapsulation.csproj", "{8B1ADC0A-25CC-426E-9E4B-803A674076F9}"
EndProject
Project("{FAE04EC0-301F-11D3-BF4B-00C04F79EFBC}") = "DesignPatterns.OOP.Polimorfism", "DesignPatterns.OOP.Polimorfism\DesignPatterns.OOP.Polimorfism.csproj", "{9289D4C1-FA7E-43DB-BD9F-BED1A8EBF9AC}"
EndProject
Project("{FAE04EC0-301F-11D3-BF4B-00C04F79EFBC}") = "DesignPatterns.OOP.Interface", "DesignPatterns.OOP.Interface\DesignPatterns.OOP.Interface.csproj", "{E25B553A-B94F-447C-8D02-85FE4885F0B7}"
EndProject
Project("{FAE04EC0-301F-11D3-BF4B-00C04F79EFBC}") = "DesignPatterns.OOP.Delegation", "DesignPatterns.OOP.Delegation\DesignPatterns.OOP.Delegation.csproj", "{81E2E2BC-C24C-4FD6-8048-1006283FB65B}"
EndProject
Project("{2150E333-8FDC-42A3-9474-1A3956D46DE8}") = "Bridge", "Bridge", "{FBD1B76E-A3DF-40F7-8DAA-879DA170E2BB}"
EndProject
Project("{FAE04EC0-301F-11D3-BF4B-00C04F79EFBC}") = "DesignPatterns.StructuralPatterns.Bridge", "DesignPatterns.StructuralPatterns.Bridge\DesignPatterns.StructuralPatterns.Bridge.csproj", "{52B916E4-A10A-4F44-93A6-CC7071C7FD2B}"
EndProject
Project("{2150E333-8FDC-42A3-9474-1A3956D46DE8}") = "State", "State", "{1E98B566-B702-4528-B9E4-A78EA7F12188}"
EndProject
Project("{FAE04EC0-301F-11D3-BF4B-00C04F79EFBC}") = "DesignPatterns.BehavioralPatterns.State", "DesignPatterns.BehavioralPatterns.State\DesignPatterns.BehavioralPatterns.State.csproj", "{45D48477-EA6B-4E76-A3D2-93AD41C7D161}"
EndProject
Project("{2150E333-8FDC-42A3-9474-1A3956D46DE8}") = "Singleton", "Singleton", "{4C68E9BA-2A5C-4F11-9399-A454C0028652}"
EndProject
Project("{FAE04EC0-301F-11D3-BF4B-00C04F79EFBC}") = "DesignPatterns.CreationalPatterns.Singleton", "DesignPatterns.CreationalPatterns.Singleton\DesignPatterns.CreationalPatterns.Singleton.csproj", "{E5CE38CB-86D5-43F2-90C5-7C01047329A5}"
EndProject
Project("{2150E333-8FDC-42A3-9474-1A3956D46DE8}") = "Abstract Factory", "Abstract Factory", "{A558072A-2E56-4E29-9A0E-C02CD7909D2B}"
EndProject
Project("{FAE04EC0-301F-11D3-BF4B-00C04F79EFBC}") = "DesignPatterns.CreationalPatters.AbstractFactory", "DesignPatterns.CreationalPatters.AbstractFactory\DesignPatterns.CreationalPatters.AbstractFactory.csproj", "{781B1D17-43EF-437D-B336-095EABCAB49B}"
EndProject
Project("{2150E333-8FDC-42A3-9474-1A3956D46DE8}") = "Decorator", "Decorator", "{41695A7E-A817-4727-B208-80203E0C5316}"
EndProject
Project("{FAE04EC0-301F-11D3-BF4B-00C04F79EFBC}") = "DesignPatterns.StructuralPatterns.Decorator", "DesignPatterns.StructuralPatterns.Decorator\DesignPatterns.StructuralPatterns.Decorator.csproj", "{9AD32A79-3B26-47B7-9A2C-6E9B1E3BE40F}"
EndProject
Global
	GlobalSection(SolutionConfigurationPlatforms) = preSolution
		Debug|Any CPU = Debug|Any CPU
		Release|Any CPU = Release|Any CPU
	EndGlobalSection
	GlobalSection(ProjectConfigurationPlatforms) = postSolution
		{EDDA61C6-4B13-410D-A236-533CE3F74F10}.Debug|Any CPU.ActiveCfg = Debug|Any CPU
		{EDDA61C6-4B13-410D-A236-533CE3F74F10}.Debug|Any CPU.Build.0 = Debug|Any CPU
		{EDDA61C6-4B13-410D-A236-533CE3F74F10}.Release|Any CPU.ActiveCfg = Release|Any CPU
		{EDDA61C6-4B13-410D-A236-533CE3F74F10}.Release|Any CPU.Build.0 = Release|Any CPU
		{4D258333-0650-42E0-B001-12CB48A6613C}.Debug|Any CPU.ActiveCfg = Debug|Any CPU
		{4D258333-0650-42E0-B001-12CB48A6613C}.Debug|Any CPU.Build.0 = Debug|Any CPU
		{4D258333-0650-42E0-B001-12CB48A6613C}.Release|Any CPU.ActiveCfg = Release|Any CPU
		{4D258333-0650-42E0-B001-12CB48A6613C}.Release|Any CPU.Build.0 = Release|Any CPU
		{03C778DC-F584-4D8B-961B-DE06DB8BFBCF}.Debug|Any CPU.ActiveCfg = Debug|Any CPU
		{03C778DC-F584-4D8B-961B-DE06DB8BFBCF}.Debug|Any CPU.Build.0 = Debug|Any CPU
		{03C778DC-F584-4D8B-961B-DE06DB8BFBCF}.Release|Any CPU.ActiveCfg = Release|Any CPU
		{03C778DC-F584-4D8B-961B-DE06DB8BFBCF}.Release|Any CPU.Build.0 = Release|Any CPU
		{3F4D2D89-2AEB-47CD-89E8-5018AC6BE4CB}.Debug|Any CPU.ActiveCfg = Debug|Any CPU
		{3F4D2D89-2AEB-47CD-89E8-5018AC6BE4CB}.Debug|Any CPU.Build.0 = Debug|Any CPU
		{3F4D2D89-2AEB-47CD-89E8-5018AC6BE4CB}.Release|Any CPU.ActiveCfg = Release|Any CPU
		{3F4D2D89-2AEB-47CD-89E8-5018AC6BE4CB}.Release|Any CPU.Build.0 = Release|Any CPU
		{28E995FE-B247-4281-BCC0-01BF2BFCD4A2}.Debug|Any CPU.ActiveCfg = Debug|Any CPU
		{28E995FE-B247-4281-BCC0-01BF2BFCD4A2}.Debug|Any CPU.Build.0 = Debug|Any CPU
		{28E995FE-B247-4281-BCC0-01BF2BFCD4A2}.Release|Any CPU.ActiveCfg = Release|Any CPU
		{28E995FE-B247-4281-BCC0-01BF2BFCD4A2}.Release|Any CPU.Build.0 = Release|Any CPU
		{8B1ADC0A-25CC-426E-9E4B-803A674076F9}.Debug|Any CPU.ActiveCfg = Debug|Any CPU
		{8B1ADC0A-25CC-426E-9E4B-803A674076F9}.Debug|Any CPU.Build.0 = Debug|Any CPU
		{8B1ADC0A-25CC-426E-9E4B-803A674076F9}.Release|Any CPU.ActiveCfg = Release|Any CPU
		{8B1ADC0A-25CC-426E-9E4B-803A674076F9}.Release|Any CPU.Build.0 = Release|Any CPU
		{9289D4C1-FA7E-43DB-BD9F-BED1A8EBF9AC}.Debug|Any CPU.ActiveCfg = Debug|Any CPU
		{9289D4C1-FA7E-43DB-BD9F-BED1A8EBF9AC}.Debug|Any CPU.Build.0 = Debug|Any CPU
		{9289D4C1-FA7E-43DB-BD9F-BED1A8EBF9AC}.Release|Any CPU.ActiveCfg = Release|Any CPU
		{9289D4C1-FA7E-43DB-BD9F-BED1A8EBF9AC}.Release|Any CPU.Build.0 = Release|Any CPU
		{E25B553A-B94F-447C-8D02-85FE4885F0B7}.Debug|Any CPU.ActiveCfg = Debug|Any CPU
		{E25B553A-B94F-447C-8D02-85FE4885F0B7}.Debug|Any CPU.Build.0 = Debug|Any CPU
		{E25B553A-B94F-447C-8D02-85FE4885F0B7}.Release|Any CPU.ActiveCfg = Release|Any CPU
		{E25B553A-B94F-447C-8D02-85FE4885F0B7}.Release|Any CPU.Build.0 = Release|Any CPU
		{81E2E2BC-C24C-4FD6-8048-1006283FB65B}.Debug|Any CPU.ActiveCfg = Debug|Any CPU
		{81E2E2BC-C24C-4FD6-8048-1006283FB65B}.Debug|Any CPU.Build.0 = Debug|Any CPU
		{81E2E2BC-C24C-4FD6-8048-1006283FB65B}.Release|Any CPU.ActiveCfg = Release|Any CPU
		{81E2E2BC-C24C-4FD6-8048-1006283FB65B}.Release|Any CPU.Build.0 = Release|Any CPU
		{52B916E4-A10A-4F44-93A6-CC7071C7FD2B}.Debug|Any CPU.ActiveCfg = Debug|Any CPU
		{52B916E4-A10A-4F44-93A6-CC7071C7FD2B}.Debug|Any CPU.Build.0 = Debug|Any CPU
		{52B916E4-A10A-4F44-93A6-CC7071C7FD2B}.Release|Any CPU.ActiveCfg = Release|Any CPU
		{52B916E4-A10A-4F44-93A6-CC7071C7FD2B}.Release|Any CPU.Build.0 = Release|Any CPU
		{45D48477-EA6B-4E76-A3D2-93AD41C7D161}.Debug|Any CPU.ActiveCfg = Debug|Any CPU
		{45D48477-EA6B-4E76-A3D2-93AD41C7D161}.Debug|Any CPU.Build.0 = Debug|Any CPU
		{45D48477-EA6B-4E76-A3D2-93AD41C7D161}.Release|Any CPU.ActiveCfg = Release|Any CPU
		{45D48477-EA6B-4E76-A3D2-93AD41C7D161}.Release|Any CPU.Build.0 = Release|Any CPU
		{E5CE38CB-86D5-43F2-90C5-7C01047329A5}.Debug|Any CPU.ActiveCfg = Debug|Any CPU
		{E5CE38CB-86D5-43F2-90C5-7C01047329A5}.Debug|Any CPU.Build.0 = Debug|Any CPU
		{E5CE38CB-86D5-43F2-90C5-7C01047329A5}.Release|Any CPU.ActiveCfg = Release|Any CPU
		{E5CE38CB-86D5-43F2-90C5-7C01047329A5}.Release|Any CPU.Build.0 = Release|Any CPU
		{781B1D17-43EF-437D-B336-095EABCAB49B}.Debug|Any CPU.ActiveCfg = Debug|Any CPU
		{781B1D17-43EF-437D-B336-095EABCAB49B}.Debug|Any CPU.Build.0 = Debug|Any CPU
		{781B1D17-43EF-437D-B336-095EABCAB49B}.Release|Any CPU.ActiveCfg = Release|Any CPU
		{781B1D17-43EF-437D-B336-095EABCAB49B}.Release|Any CPU.Build.0 = Release|Any CPU
		{9AD32A79-3B26-47B7-9A2C-6E9B1E3BE40F}.Debug|Any CPU.ActiveCfg = Debug|Any CPU
		{9AD32A79-3B26-47B7-9A2C-6E9B1E3BE40F}.Debug|Any CPU.Build.0 = Debug|Any CPU
		{9AD32A79-3B26-47B7-9A2C-6E9B1E3BE40F}.Release|Any CPU.ActiveCfg = Release|Any CPU
		{9AD32A79-3B26-47B7-9A2C-6E9B1E3BE40F}.Release|Any CPU.Build.0 = Release|Any CPU
	EndGlobalSection
	GlobalSection(SolutionProperties) = preSolution
		HideSolutionNode = FALSE
	EndGlobalSection
	GlobalSection(NestedProjects) = preSolution
		{54345A72-05AA-492D-B812-04208724E663} = {834ADDF6-F4AD-45DF-AF11-561EEE760679}
		{EDDA61C6-4B13-410D-A236-533CE3F74F10} = {54345A72-05AA-492D-B812-04208724E663}
		{86AD9D10-97DA-4418-AB89-E96B18935B1C} = {834ADDF6-F4AD-45DF-AF11-561EEE760679}
		{4D258333-0650-42E0-B001-12CB48A6613C} = {86AD9D10-97DA-4418-AB89-E96B18935B1C}
		{3823EE0C-D2AC-42D9-9811-C5AA4DF372EC} = {834ADDF6-F4AD-45DF-AF11-561EEE760679}
		{03C778DC-F584-4D8B-961B-DE06DB8BFBCF} = {3823EE0C-D2AC-42D9-9811-C5AA4DF372EC}
		{3F4D2D89-2AEB-47CD-89E8-5018AC6BE4CB} = {4D999BB0-1000-4659-8822-7BA12C02B7D0}
		{BBDA651E-E583-4F8F-974F-CED0E8C87EBE} = {5DC51411-FEE7-41DC-9BEE-96215ECC1863}
		{28E995FE-B247-4281-BCC0-01BF2BFCD4A2} = {BBDA651E-E583-4F8F-974F-CED0E8C87EBE}
		{8B1ADC0A-25CC-426E-9E4B-803A674076F9} = {B6A0A606-846B-4DFE-8A46-0FF71FA7EB03}
		{9289D4C1-FA7E-43DB-BD9F-BED1A8EBF9AC} = {B6A0A606-846B-4DFE-8A46-0FF71FA7EB03}
		{E25B553A-B94F-447C-8D02-85FE4885F0B7} = {B6A0A606-846B-4DFE-8A46-0FF71FA7EB03}
		{81E2E2BC-C24C-4FD6-8048-1006283FB65B} = {B6A0A606-846B-4DFE-8A46-0FF71FA7EB03}
		{FBD1B76E-A3DF-40F7-8DAA-879DA170E2BB} = {84A795A8-B2E7-4499-A02F-7EBC48D34587}
		{52B916E4-A10A-4F44-93A6-CC7071C7FD2B} = {FBD1B76E-A3DF-40F7-8DAA-879DA170E2BB}
		{1E98B566-B702-4528-B9E4-A78EA7F12188} = {834ADDF6-F4AD-45DF-AF11-561EEE760679}
		{45D48477-EA6B-4E76-A3D2-93AD41C7D161} = {1E98B566-B702-4528-B9E4-A78EA7F12188}
		{4C68E9BA-2A5C-4F11-9399-A454C0028652} = {5DC51411-FEE7-41DC-9BEE-96215ECC1863}
		{E5CE38CB-86D5-43F2-90C5-7C01047329A5} = {4C68E9BA-2A5C-4F11-9399-A454C0028652}
		{A558072A-2E56-4E29-9A0E-C02CD7909D2B} = {5DC51411-FEE7-41DC-9BEE-96215ECC1863}
		{781B1D17-43EF-437D-B336-095EABCAB49B} = {A558072A-2E56-4E29-9A0E-C02CD7909D2B}
		{41695A7E-A817-4727-B208-80203E0C5316} = {84A795A8-B2E7-4499-A02F-7EBC48D34587}
		{9AD32A79-3B26-47B7-9A2C-6E9B1E3BE40F} = {41695A7E-A817-4727-B208-80203E0C5316}
	EndGlobalSection
EndGlobal
