
Microsoft Visual Studio Solution File, Format Version 12.00
# Visual Studio Express 14 for Web
VisualStudioVersion = 14.0.22823.1
MinimumVisualStudioVersion = 10.0.40219.1
Project("{2150E333-8FDC-42A3-9474-1A3956D46DE8}") = "03 - Behavioral Patterns", "03 - Behavioral Patterns", "{834ADDF6-F4AD-45DF-AF11-561EEE760679}"
EndProject
Project("{2150E333-8FDC-42A3-9474-1A3956D46DE8}") = "01 - Strategy", "01 - Strategy", "{54345A72-05AA-492D-B812-04208724E663}"
EndProject
Project("{FAE04EC0-301F-11D3-BF4B-00C04F79EFBC}") = "DesignPatterns.BehavioralPatterns.Strategy", "DesignPatterns.BehavioralPatterns.Strategy\DesignPatterns.BehavioralPatterns.Strategy.csproj", "{EDDA61C6-4B13-410D-A236-533CE3F74F10}"
EndProject
Project("{2150E333-8FDC-42A3-9474-1A3956D46DE8}") = "02 - Null Object", "02 - Null Object", "{86AD9D10-97DA-4418-AB89-E96B18935B1C}"
EndProject
Project("{FAE04EC0-301F-11D3-BF4B-00C04F79EFBC}") = "DesignPatterns.BehavioralPatterns.NullObject", "DesignPatterns.BehavioralPatterns.NullObject\DesignPatterns.BehavioralPatterns.NullObject.csproj", "{4D258333-0650-42E0-B001-12CB48A6613C}"
EndProject
Project("{2150E333-8FDC-42A3-9474-1A3956D46DE8}") = "02 - Structural Patterns", "02 - Structural Patterns", "{84A795A8-B2E7-4499-A02F-7EBC48D34587}"
EndProject
Project("{2150E333-8FDC-42A3-9474-1A3956D46DE8}") = "01 - Creational Patterns", "01 - Creational Patterns", "{5DC51411-FEE7-41DC-9BEE-96215ECC1863}"
EndProject
Project("{2150E333-8FDC-42A3-9474-1A3956D46DE8}") = "00 - Concepts OOP", "00 - Concepts OOP", "{B6A0A606-846B-4DFE-8A46-0FF71FA7EB03}"
EndProject
Project("{2150E333-8FDC-42A3-9474-1A3956D46DE8}") = "99 - Test", "99 - Test", "{4D999BB0-1000-4659-8822-7BA12C02B7D0}"
EndProject
Project("{2150E333-8FDC-42A3-9474-1A3956D46DE8}") = "03 - Template Method", "03 - Template Method", "{3823EE0C-D2AC-42D9-9811-C5AA4DF372EC}"
EndProject
Project("{FAE04EC0-301F-11D3-BF4B-00C04F79EFBC}") = "DesignPatterns.BehavioralPatterns.TemplateMethod", "DesignPatterns.BehavioralPatterns.TemplateMethod\DesignPatterns.BehavioralPatterns.TemplateMethod.csproj", "{03C778DC-F584-4D8B-961B-DE06DB8BFBCF}"
EndProject
Project("{FAE04EC0-301F-11D3-BF4B-00C04F79EFBC}") = "Test.TDD", "DesignPatterns.Test.TDD\Test.TDD.csproj", "{3F4D2D89-2AEB-47CD-89E8-5018AC6BE4CB}"
EndProject
Global
	GlobalSection(SolutionConfigurationPlatforms) = preSolution
		Debug|Any CPU = Debug|Any CPU
		Release|Any CPU = Release|Any CPU
	EndGlobalSection
	GlobalSection(ProjectConfigurationPlatforms) = postSolution
		{EDDA61C6-4B13-410D-A236-533CE3F74F10}.Debug|Any CPU.ActiveCfg = Debug|Any CPU
		{EDDA61C6-4B13-410D-A236-533CE3F74F10}.Debug|Any CPU.Build.0 = Debug|Any CPU
		{EDDA61C6-4B13-410D-A236-533CE3F74F10}.Release|Any CPU.ActiveCfg = Release|Any CPU
		{EDDA61C6-4B13-410D-A236-533CE3F74F10}.Release|Any CPU.Build.0 = Release|Any CPU
		{4D258333-0650-42E0-B001-12CB48A6613C}.Debug|Any CPU.ActiveCfg = Debug|Any CPU
		{4D258333-0650-42E0-B001-12CB48A6613C}.Debug|Any CPU.Build.0 = Debug|Any CPU
		{4D258333-0650-42E0-B001-12CB48A6613C}.Release|Any CPU.ActiveCfg = Release|Any CPU
		{4D258333-0650-42E0-B001-12CB48A6613C}.Release|Any CPU.Build.0 = Release|Any CPU
		{03C778DC-F584-4D8B-961B-DE06DB8BFBCF}.Debug|Any CPU.ActiveCfg = Debug|Any CPU
		{03C778DC-F584-4D8B-961B-DE06DB8BFBCF}.Debug|Any CPU.Build.0 = Debug|Any CPU
		{03C778DC-F584-4D8B-961B-DE06DB8BFBCF}.Release|Any CPU.ActiveCfg = Release|Any CPU
		{03C778DC-F584-4D8B-961B-DE06DB8BFBCF}.Release|Any CPU.Build.0 = Release|Any CPU
		{3F4D2D89-2AEB-47CD-89E8-5018AC6BE4CB}.Debug|Any CPU.ActiveCfg = Debug|Any CPU
		{3F4D2D89-2AEB-47CD-89E8-5018AC6BE4CB}.Debug|Any CPU.Build.0 = Debug|Any CPU
		{3F4D2D89-2AEB-47CD-89E8-5018AC6BE4CB}.Release|Any CPU.ActiveCfg = Release|Any CPU
		{3F4D2D89-2AEB-47CD-89E8-5018AC6BE4CB}.Release|Any CPU.Build.0 = Release|Any CPU
	EndGlobalSection
	GlobalSection(SolutionProperties) = preSolution
		HideSolutionNode = FALSE
	EndGlobalSection
	GlobalSection(NestedProjects) = preSolution
		{54345A72-05AA-492D-B812-04208724E663} = {834ADDF6-F4AD-45DF-AF11-561EEE760679}
		{EDDA61C6-4B13-410D-A236-533CE3F74F10} = {54345A72-05AA-492D-B812-04208724E663}
		{86AD9D10-97DA-4418-AB89-E96B18935B1C} = {834ADDF6-F4AD-45DF-AF11-561EEE760679}
		{4D258333-0650-42E0-B001-12CB48A6613C} = {86AD9D10-97DA-4418-AB89-E96B18935B1C}
		{3823EE0C-D2AC-42D9-9811-C5AA4DF372EC} = {834ADDF6-F4AD-45DF-AF11-561EEE760679}
		{03C778DC-F584-4D8B-961B-DE06DB8BFBCF} = {3823EE0C-D2AC-42D9-9811-C5AA4DF372EC}
		{3F4D2D89-2AEB-47CD-89E8-5018AC6BE4CB} = {4D999BB0-1000-4659-8822-7BA12C02B7D0}
	EndGlobalSection
EndGlobal
